
Microsoft Visual Studio Solution File, Format Version 12.00
# Visual Studio 14
VisualStudioVersion = 14.0.23107.0
MinimumVisualStudioVersion = 10.0.40219.1
Project("{FAE04EC0-301F-11D3-BF4B-00C04F79EFBC}") = "AspNetGoogleAuth", "AspNetGoogleAuth\AspNetGoogleAuth.csproj", "{4D7A155C-C4AD-4D36-A862-6EC5D2A24285}"
EndProject
Global
	GlobalSection(SolutionConfigurationPlatforms) = preSolution
		Debug|Any CPU = Debug|Any CPU
		Release|Any CPU = Release|Any CPU
	EndGlobalSection
	GlobalSection(ProjectConfigurationPlatforms) = postSolution
		{4D7A155C-C4AD-4D36-A862-6EC5D2A24285}.Debug|Any CPU.ActiveCfg = Debug|Any CPU
		{4D7A155C-C4AD-4D36-A862-6EC5D2A24285}.Debug|Any CPU.Build.0 = Debug|Any CPU
		{4D7A155C-C4AD-4D36-A862-6EC5D2A24285}.Release|Any CPU.ActiveCfg = Release|Any CPU
		{4D7A155C-C4AD-4D36-A862-6EC5D2A24285}.Release|Any CPU.Build.0 = Release|Any CPU
	EndGlobalSection
	GlobalSection(SolutionProperties) = preSolution
		HideSolutionNode = FALSE
	EndGlobalSection
EndGlobal
